uuid: b9394dfa-e783-4d91-b006-0c4014ec0d68
langcode: de
status: true
dependencies:
  module:
    - block_content
    - text
id: block_content.field_textblock
field_name: field_textblock
entity_type: block_content
type: text_long
settings: {  }
module: text
locked: false
cardinality: -1
translatable: true
indexes: {  }
persist_with_no_fields: false
custom_storage: false
